
Microsoft Visual Studio Solution File, Format Version 12.00
# Visual Studio Version 16
VisualStudioVersion = 16.0.29728.190
MinimumVisualStudioVersion = 10.0.40219.1
Project("{FAE04EC0-301F-11D3-BF4B-00C04F79EFBC}") = "BookExchange", "BookExchange\BookExchange.csproj", "{DD646CD8-AF79-4970-9BC9-E63B44794FFF}"
EndProject
Global
	GlobalSection(SolutionConfigurationPlatforms) = preSolution
		Debug|Any CPU = Debug|Any CPU
		Release|Any CPU = Release|Any CPU
	EndGlobalSection
	GlobalSection(ProjectConfigurationPlatforms) = postSolution
		{DD646CD8-AF79-4970-9BC9-E63B44794FFF}.Debug|Any CPU.ActiveCfg = Debug|Any CPU
		{DD646CD8-AF79-4970-9BC9-E63B44794FFF}.Debug|Any CPU.Build.0 = Debug|Any CPU
		{DD646CD8-AF79-4970-9BC9-E63B44794FFF}.Release|Any CPU.ActiveCfg = Release|Any CPU
		{DD646CD8-AF79-4970-9BC9-E63B44794FFF}.Release|Any CPU.Build.0 = Release|Any CPU
	EndGlobalSection
	GlobalSection(SolutionProperties) = preSolution
		HideSolutionNode = FALSE
	EndGlobalSection
	GlobalSection(ExtensibilityGlobals) = postSolution
		SolutionGuid = {E1EDFF24-D81D-41DE-85AF-6772E790B479}
	EndGlobalSection
EndGlobal
